
Microsoft Visual Studio Solution File, Format Version 12.00
# Visual Studio Version 17
Project("{2150E333-8FDC-42A3-9474-1A3956D46DE8}") = "Core", "Core", "{15A0C35D-0158-05AB-6A5F-DE065636A09B}"
EndProject
Project("{8BC9CEB8-8B4A-11D0-8D11-00A0C91BC942}") = "HudiGen", "HudiGen\HudiGen.vcxproj", "{E9A658C2-5586-D75D-5E9E-6234CAFC3DBF}"
EndProject
Project("{8BC9CEB8-8B4A-11D0-8D11-00A0C91BC942}") = "Hudi", "Hudi\Hudi.vcxproj", "{CF89867C-BBC0-870D-64AD-6D1050C3030F}"
EndProject
Project("{2150E333-8FDC-42A3-9474-1A3956D46DE8}") = "Dependencies", "Dependencies", "{53E47842-3FC8-3998-A828-34EB942B241A}"
EndProject
Project("{8BC9CEB8-8B4A-11D0-8D11-00A0C91BC942}") = "Box2D", "Hudi\vendor\Box2D\Box2D.vcxproj", "{A434E80C-1049-10BE-D9CA-B31D459E0CEF}"
EndProject
Project("{8BC9CEB8-8B4A-11D0-8D11-00A0C91BC942}") = "ECS", "ECS\ECS.vcxproj", "{60E1870B-CCEA-877C-5566-9E7CC16E937C}"
EndProject
Project("{8BC9CEB8-8B4A-11D0-8D11-00A0C91BC942}") = "Glad", "Hudi\vendor\Glad\Glad.vcxproj", "{BDD6857C-A90D-870D-52FA-6C103E10030F}"
EndProject
Project("{8BC9CEB8-8B4A-11D0-8D11-00A0C91BC942}") = "ImGui", "Hudi\vendor\ImGui\ImGui.vcxproj", "{C0FF640D-2C14-8DBE-F595-301E616989EF}"
EndProject
Project("{8BC9CEB8-8B4A-11D0-8D11-00A0C91BC942}") = "yaml-cpp", "Hudi\vendor\yaml-cpp\yaml-cpp.vcxproj", "{88F1A057-74BE-FB62-9DD7-E90A890331F1}"
EndProject
Project("{2150E333-8FDC-42A3-9474-1A3956D46DE8}") = "Test", "Test", "{2CC8CC5D-1880-0EAB-8187-E7066D5EA99B}"
EndProject
Project("{8BC9CEB8-8B4A-11D0-8D11-00A0C91BC942}") = "ImGuiTest", "ImGuiTest\ImGuiTest.vcxproj", "{80AC8E33-EC16-43AA-3555-F44FA1FE20FF}"
EndProject
Project("{8BC9CEB8-8B4A-11D0-8D11-00A0C91BC942}") = "Sandbox", "Sandbox\Sandbox.vcxproj", "{F4C124E3-60A1-A37E-69B9-2E55D5170AE0}"
EndProject
Global
	GlobalSection(SolutionConfigurationPlatforms) = preSolution
		Debug|x64 = Debug|x64
		Dist|x64 = Dist|x64
		Release|x64 = Release|x64
	EndGlobalSection
	GlobalSection(ProjectConfigurationPlatforms) = postSolution
		{E9A658C2-5586-D75D-5E9E-6234CAFC3DBF}.Debug|x64.ActiveCfg = Debug|x64
		{E9A658C2-5586-D75D-5E9E-6234CAFC3DBF}.Debug|x64.Build.0 = Debug|x64
		{E9A658C2-5586-D75D-5E9E-6234CAFC3DBF}.Dist|x64.ActiveCfg = Dist|x64
		{E9A658C2-5586-D75D-5E9E-6234CAFC3DBF}.Dist|x64.Build.0 = Dist|x64
		{E9A658C2-5586-D75D-5E9E-6234CAFC3DBF}.Release|x64.ActiveCfg = Release|x64
		{E9A658C2-5586-D75D-5E9E-6234CAFC3DBF}.Release|x64.Build.0 = Release|x64
		{CF89867C-BBC0-870D-64AD-6D1050C3030F}.Debug|x64.ActiveCfg = Debug|x64
		{CF89867C-BBC0-870D-64AD-6D1050C3030F}.Debug|x64.Build.0 = Debug|x64
		{CF89867C-BBC0-870D-64AD-6D1050C3030F}.Dist|x64.ActiveCfg = Dist|x64
		{CF89867C-BBC0-870D-64AD-6D1050C3030F}.Dist|x64.Build.0 = Dist|x64
		{CF89867C-BBC0-870D-64AD-6D1050C3030F}.Release|x64.ActiveCfg = Release|x64
		{CF89867C-BBC0-870D-64AD-6D1050C3030F}.Release|x64.Build.0 = Release|x64
		{A434E80C-1049-10BE-D9CA-B31D459E0CEF}.Debug|x64.ActiveCfg = Debug|x64
		{A434E80C-1049-10BE-D9CA-B31D459E0CEF}.Debug|x64.Build.0 = Debug|x64
		{A434E80C-1049-10BE-D9CA-B31D459E0CEF}.Dist|x64.ActiveCfg = Dist|x64
		{A434E80C-1049-10BE-D9CA-B31D459E0CEF}.Dist|x64.Build.0 = Dist|x64
		{A434E80C-1049-10BE-D9CA-B31D459E0CEF}.Release|x64.ActiveCfg = Release|x64
		{A434E80C-1049-10BE-D9CA-B31D459E0CEF}.Release|x64.Build.0 = Release|x64
		{60E1870B-CCEA-877C-5566-9E7CC16E937C}.Debug|x64.ActiveCfg = Debug|x64
		{60E1870B-CCEA-877C-5566-9E7CC16E937C}.Debug|x64.Build.0 = Debug|x64
		{60E1870B-CCEA-877C-5566-9E7CC16E937C}.Dist|x64.ActiveCfg = Dist|x64
		{60E1870B-CCEA-877C-5566-9E7CC16E937C}.Dist|x64.Build.0 = Dist|x64
		{60E1870B-CCEA-877C-5566-9E7CC16E937C}.Release|x64.ActiveCfg = Release|x64
		{60E1870B-CCEA-877C-5566-9E7CC16E937C}.Release|x64.Build.0 = Release|x64
		{BDD6857C-A90D-870D-52FA-6C103E10030F}.Debug|x64.ActiveCfg = Debug|x64
		{BDD6857C-A90D-870D-52FA-6C103E10030F}.Debug|x64.Build.0 = Debug|x64
		{BDD6857C-A90D-870D-52FA-6C103E10030F}.Dist|x64.ActiveCfg = Dist|x64
		{BDD6857C-A90D-870D-52FA-6C103E10030F}.Dist|x64.Build.0 = Dist|x64
		{BDD6857C-A90D-870D-52FA-6C103E10030F}.Release|x64.ActiveCfg = Release|x64
		{BDD6857C-A90D-870D-52FA-6C103E10030F}.Release|x64.Build.0 = Release|x64
		{C0FF640D-2C14-8DBE-F595-301E616989EF}.Debug|x64.ActiveCfg = Debug|x64
		{C0FF640D-2C14-8DBE-F595-301E616989EF}.Debug|x64.Build.0 = Debug|x64
		{C0FF640D-2C14-8DBE-F595-301E616989EF}.Dist|x64.ActiveCfg = Dist|x64
		{C0FF640D-2C14-8DBE-F595-301E616989EF}.Dist|x64.Build.0 = Dist|x64
		{C0FF640D-2C14-8DBE-F595-301E616989EF}.Release|x64.ActiveCfg = Release|x64
		{C0FF640D-2C14-8DBE-F595-301E616989EF}.Release|x64.Build.0 = Release|x64
		{88F1A057-74BE-FB62-9DD7-E90A890331F1}.Debug|x64.ActiveCfg = Debug|x64
		{88F1A057-74BE-FB62-9DD7-E90A890331F1}.Debug|x64.Build.0 = Debug|x64
		{88F1A057-74BE-FB62-9DD7-E90A890331F1}.Dist|x64.ActiveCfg = Dist|x64
		{88F1A057-74BE-FB62-9DD7-E90A890331F1}.Dist|x64.Build.0 = Dist|x64
		{88F1A057-74BE-FB62-9DD7-E90A890331F1}.Release|x64.ActiveCfg = Release|x64
		{88F1A057-74BE-FB62-9DD7-E90A890331F1}.Release|x64.Build.0 = Release|x64
		{80AC8E33-EC16-43AA-3555-F44FA1FE20FF}.Debug|x64.ActiveCfg = Debug|x64
		{80AC8E33-EC16-43AA-3555-F44FA1FE20FF}.Debug|x64.Build.0 = Debug|x64
		{80AC8E33-EC16-43AA-3555-F44FA1FE20FF}.Dist|x64.ActiveCfg = Dist|x64
		{80AC8E33-EC16-43AA-3555-F44FA1FE20FF}.Dist|x64.Build.0 = Dist|x64
		{80AC8E33-EC16-43AA-3555-F44FA1FE20FF}.Release|x64.ActiveCfg = Release|x64
		{80AC8E33-EC16-43AA-3555-F44FA1FE20FF}.Release|x64.Build.0 = Release|x64
		{F4C124E3-60A1-A37E-69B9-2E55D5170AE0}.Debug|x64.ActiveCfg = Debug|x64
		{F4C124E3-60A1-A37E-69B9-2E55D5170AE0}.Debug|x64.Build.0 = Debug|x64
		{F4C124E3-60A1-A37E-69B9-2E55D5170AE0}.Dist|x64.ActiveCfg = Dist|x64
		{F4C124E3-60A1-A37E-69B9-2E55D5170AE0}.Dist|x64.Build.0 = Dist|x64
		{F4C124E3-60A1-A37E-69B9-2E55D5170AE0}.Release|x64.ActiveCfg = Release|x64
		{F4C124E3-60A1-A37E-69B9-2E55D5170AE0}.Release|x64.Build.0 = Release|x64
	EndGlobalSection
	GlobalSection(SolutionProperties) = preSolution
		HideSolutionNode = FALSE
	EndGlobalSection
	GlobalSection(NestedProjects) = preSolution
		{E9A658C2-5586-D75D-5E9E-6234CAFC3DBF} = {15A0C35D-0158-05AB-6A5F-DE065636A09B}
		{CF89867C-BBC0-870D-64AD-6D1050C3030F} = {15A0C35D-0158-05AB-6A5F-DE065636A09B}
		{A434E80C-1049-10BE-D9CA-B31D459E0CEF} = {53E47842-3FC8-3998-A828-34EB942B241A}
		{60E1870B-CCEA-877C-5566-9E7CC16E937C} = {53E47842-3FC8-3998-A828-34EB942B241A}
		{BDD6857C-A90D-870D-52FA-6C103E10030F} = {53E47842-3FC8-3998-A828-34EB942B241A}
		{C0FF640D-2C14-8DBE-F595-301E616989EF} = {53E47842-3FC8-3998-A828-34EB942B241A}
		{88F1A057-74BE-FB62-9DD7-E90A890331F1} = {53E47842-3FC8-3998-A828-34EB942B241A}
		{80AC8E33-EC16-43AA-3555-F44FA1FE20FF} = {2CC8CC5D-1880-0EAB-8187-E7066D5EA99B}
		{F4C124E3-60A1-A37E-69B9-2E55D5170AE0} = {2CC8CC5D-1880-0EAB-8187-E7066D5EA99B}
	EndGlobalSection
EndGlobal
