<?xml version="1.0" encoding="utf-8"?>
<Project ToolsVersion="4.0" xmlns="http://schemas.microsoft.com/developer/msbuild/2003">
  <ItemGroup>
    <Filter Include="CodeGenerator">
      <UniqueIdentifier>{47EBA3A8-B3AB-1FDF-7CE6-685CE86564BB}</UniqueIdentifier>
    </Filter>
  </ItemGroup>
  <ItemGroup>
    <ClInclude Include="src\CodeGenerator\CodeGenerator.h">
      <Filter>CodeGenerator</Filter>
    </ClInclude>
  </ItemGroup>
  <ItemGroup>
    <ClCompile Include="src\CodeGenerator\CodeGenerator.cpp">
      <Filter>CodeGenerator</Filter>
    </ClCompile>
    <ClCompile Include="src\CodeGenerator\generator.cpp">
      <Filter>CodeGenerator</Filter>
    </ClCompile>
  </ItemGroup>
</Project>